{
  "name": "wasm-transform",
  "version": "1.0.0",
  "lockfileVersion": 1,
  "requires": true,
  "dependencies": {
    "@thi.ng/api": {
      "version": "6.12.0",
      "resolved": "https://registry.npmjs.org/@thi.ng/api/-/api-6.12.0.tgz",
      "integrity": "sha512-WY+YfTcuxDvUGqDWqBkS3bfGftaa0h5GKLsTvWToQFsc4lz0uIkZejtCXx2H6hbYeFGfXNzlNP/haFCHWwDtCw==",
      "requires": {
        "tslib": "^2.0.0"
      }
    },
    "@thi.ng/arrays": {
      "version": "0.6.13",
      "resolved": "https://registry.npmjs.org/@thi.ng/arrays/-/arrays-0.6.13.tgz",
      "integrity": "sha512-kHWyVWkiJ4K3BRG5qZNuQjlowLROQSzoWCxxzMykfj3xhMgojKdiCGU2TfRxX+VuWbsOr3YXRJbyGEDewAdXGA==",
      "requires": {
        "@thi.ng/api": "^6.12.0",
        "@thi.ng/checks": "^2.7.4",
        "@thi.ng/compare": "^1.3.12",
        "@thi.ng/equiv": "^1.0.27",
        "@thi.ng/errors": "^1.2.17",
        "@thi.ng/random": "^1.4.15"
      }
    },
    "@thi.ng/binary": {
      "version": "2.0.11",
      "resolved": "https://registry.npmjs.org/@thi.ng/binary/-/binary-2.0.11.tgz",
      "integrity": "sha512-PqjMSfwMWx9Y+R4DSB2AwNZMA4vznZbO5YHEIp7YHxjxQuoC7eszvtrQViGNMRDkxzsg8eY0skoaex/XiHFPHg==",
      "requires": {
        "tslib": "^2.0.0"
      }
    },
    "@thi.ng/checks": {
      "version": "2.7.4",
      "resolved": "https://registry.npmjs.org/@thi.ng/checks/-/checks-2.7.4.tgz",
      "integrity": "sha512-PYPGJ0XJzDKgXCNVaQsUkRORzIKUTCyv/zoaKu16RaD31ibT+0V0HkdK3YlKAxhEWL0I60LodDYEIRMTXPjc3g==",
      "requires": {
        "tslib": "^2.0.0"
      }
    },
    "@thi.ng/compare": {
      "version": "1.3.12",
      "resolved": "https://registry.npmjs.org/@thi.ng/compare/-/compare-1.3.12.tgz",
      "integrity": "sha512-2ffPeP2WXE8bb6M5uhfkwTR06J8cYUaKkrASrIitTeBE+H+Asntyo4WBICPFLhAqP2l3qIOO+0fme5TvaVHgrw==",
      "requires": {
        "@thi.ng/api": "^6.12.0"
      }
    },
    "@thi.ng/compose": {
      "version": "1.4.13",
      "resolved": "https://registry.npmjs.org/@thi.ng/compose/-/compose-1.4.13.tgz",
      "integrity": "sha512-JQyHsk1tEVQUb3M1u7cGyIQzzvyC8McMbWulbmj0VqOSX4bnyD//1bBDTW3ChA9wJ9AvryjlguyICXI16+KxEQ==",
      "requires": {
        "@thi.ng/api": "^6.12.0",
        "@thi.ng/errors": "^1.2.17"
      }
    },
    "@thi.ng/equiv": {
      "version": "1.0.27",
      "resolved": "https://registry.npmjs.org/@thi.ng/equiv/-/equiv-1.0.27.tgz",
      "integrity": "sha512-2/tLQcu6WqEpHvOORtXF/zMGP+Y9Zs5e2/EFI8Q8ng9uaJ4gT8nzw/4H6aIdFMVIjfctFBbWjjyOL9A64dJGaw=="
    },
    "@thi.ng/errors": {
      "version": "1.2.17",
      "resolved": "https://registry.npmjs.org/@thi.ng/errors/-/errors-1.2.17.tgz",
      "integrity": "sha512-INBjF2IhKRum1BVkxuPZ4kVaKFm1fnXNYTbEW9Hq9oo/tpRs5OhGJ+dMmnWeC8qUpS+VThV7c8htcAwAfzuMlA==",
      "requires": {
        "tslib": "^2.0.0"
      }
    },
    "@thi.ng/leb128": {
      "version": "1.0.28",
      "resolved": "https://registry.npmjs.org/@thi.ng/leb128/-/leb128-1.0.28.tgz",
      "integrity": "sha512-X8WgywsuoHhdA10OjTigx3J1a7UnU1cuIghE7mgEa1uhWzwQKTciqRauQKzgPsKGgkbW5gfmRyjlXKWK3TWZrg==",
      "requires": {
        "@thi.ng/checks": "^2.7.4",
        "@thi.ng/errors": "^1.2.17",
        "@thi.ng/transducers-binary": "^0.5.24"
      }
    },
    "@thi.ng/math": {
      "version": "2.0.1",
      "resolved": "https://registry.npmjs.org/@thi.ng/math/-/math-2.0.1.tgz",
      "integrity": "sha512-tUxb43hsQQqFoSbtcgfCOYzUlPxomnl0JFDfPFRbXkiVQ1jz5kjlifGuyTUdtdnxAIAPOlwY17JCosLchVqMGg==",
      "requires": {
        "tslib": "^2.0.0"
      }
    },
    "@thi.ng/memoize": {
      "version": "2.0.17",
      "resolved": "https://registry.npmjs.org/@thi.ng/memoize/-/memoize-2.0.17.tgz",
      "integrity": "sha512-71xFxfHz+Vilytg7zpo3TrmOP+mJo2Q7tYqfRGQvDYZ58V8mwnYkH5hHtw1CjtGda7XlvXenfZp8aY+yu1Ki3g==",
      "requires": {
        "@thi.ng/api": "^6.12.0"
      }
    },
    "@thi.ng/random": {
      "version": "1.4.15",
      "resolved": "https://registry.npmjs.org/@thi.ng/random/-/random-1.4.15.tgz",
      "integrity": "sha512-DV1zt/YK5WREi2i8yzkXtfI085NCjkDU04MCZPXSOVz4OSqBTdeTvfOeFnfpLRRxAqfZUwHLu+fgr1Q1T2ed4A==",
      "requires": {
        "@thi.ng/api": "^6.12.0",
        "@thi.ng/checks": "^2.7.4"
      }
    },
    "@thi.ng/strings": {
      "version": "1.9.1",
      "resolved": "https://registry.npmjs.org/@thi.ng/strings/-/strings-1.9.1.tgz",
      "integrity": "sha512-lO0hQ6YQ3leLkpyOGFlvUCdV29zCsTtq21WgWu7GF0p2doh788ac7VBkYcDy4o8KBHSGADmKokK2yz+D3s101A==",
      "requires": {
        "@thi.ng/api": "^6.12.0",
        "@thi.ng/errors": "^1.2.17",
        "@thi.ng/memoize": "^2.0.17"
      }
    },
    "@thi.ng/transducers": {
      "version": "7.2.0",
      "resolved": "https://registry.npmjs.org/@thi.ng/transducers/-/transducers-7.2.0.tgz",
      "integrity": "sha512-jkgZqS4Vo1/SDYUM/7MqyzaMiZPKzp8sFOzwGZSiprzth4WyKPuOvXeDimNQuz1q4o/NcPuyn5nc00qZQVfZcA==",
      "requires": {
        "@thi.ng/api": "^6.12.0",
        "@thi.ng/arrays": "^0.6.13",
        "@thi.ng/checks": "^2.7.4",
        "@thi.ng/compare": "^1.3.12",
        "@thi.ng/compose": "^1.4.13",
        "@thi.ng/errors": "^1.2.17",
        "@thi.ng/math": "^2.0.1",
        "@thi.ng/random": "^1.4.15"
      }
    },
    "@thi.ng/transducers-binary": {
      "version": "0.5.24",
      "resolved": "https://registry.npmjs.org/@thi.ng/transducers-binary/-/transducers-binary-0.5.24.tgz",
      "integrity": "sha512-iYmT7vSmSZyEw2nHYcDJfbT4IwgQ3QNB0DuL3XpaR1ITw4nib3M+VoTzKms8vpiIwsv5BzfyeR/BYO6JHvqKrw==",
      "requires": {
        "@thi.ng/binary": "^2.0.11",
        "@thi.ng/compose": "^1.4.13",
        "@thi.ng/errors": "^1.2.17",
        "@thi.ng/random": "^1.4.15",
        "@thi.ng/strings": "^1.9.1",
        "@thi.ng/transducers": "^7.2.0"
      }
    },
    "@types/node": {
      "version": "14.0.27",
      "resolved": "https://registry.npmjs.org/@types/node/-/node-14.0.27.tgz",
      "integrity": "sha512-kVrqXhbclHNHGu9ztnAwSncIgJv/FaxmzXJvGXNdcCpV1b8u1/Mi6z6m0vwy0LzKeXFTPLH0NzwmoJ3fNCIq0g=="
    },
    "lodash": {
      "version": "4.17.19",
      "resolved": "https://registry.npmjs.org/lodash/-/lodash-4.17.19.tgz",
      "integrity": "sha512-JNvd8XER9GQX0v2qJgsaN/mzFCNA5BRe/j8JN9d+tWyGLSodKQHKFicdwNYzWwI3wjRnaKPsGj1XkBjx/F96DQ=="
    },
    "tslib": {
      "version": "2.0.0",
      "resolved": "https://registry.npmjs.org/tslib/-/tslib-2.0.0.tgz",
      "integrity": "sha512-lTqkx847PI7xEDYJntxZH89L2/aXInsyF2luSafe/+0fHOMjlBNXdH6th7f70qxLDhul7KZK0zC8V5ZIyHl0/g=="
    }
  }
}
